// !$*UTF8*$!
{
	archiveVersion = 1;
	classes = {
	};
	objectVersion = 56;
	objects = {

/* Begin PBXBuildFile section */
		040CD8592ADF649200C6CE39 /* ViewControllerFilter.swift in Sources */ = {isa = PBXBuildFile; fileRef = 040CD8582ADF649200C6CE39 /* ViewControllerFilter.swift */; };
		040CD85B2AE0BFB800C6CE39 /* ViewControllerCombineOperator.swift in Sources */ = {isa = PBXBuildFile; fileRef = 040CD85A2AE0BFB800C6CE39 /* ViewControllerCombineOperator.swift */; };
		041AD63D2AF38D5C00D62F6F /* VCSequenceOperators.swift in Sources */ = {isa = PBXBuildFile; fileRef = 041AD63C2AF38D5C00D62F6F /* VCSequenceOperators.swift */; };
		0427F0AB2ADEAE88002916FD /* Common.swift in Sources */ = {isa = PBXBuildFile; fileRef = 0427F0AA2ADEAE88002916FD /* Common.swift */; };
		046AC4C02AF91DA000F9C6AD /* VCNetworking.swift in Sources */ = {isa = PBXBuildFile; fileRef = 046AC4BF2AF91DA000F9C6AD /* VCNetworking.swift */; };
		0489FCE22AAADE5E00257372 /* AppDelegate.swift in Sources */ = {isa = PBXBuildFile; fileRef = 0489FCE12AAADE5E00257372 /* AppDelegate.swift */; };
		0489FCE42AAADE5E00257372 /* SceneDelegate.swift in Sources */ = {isa = PBXBuildFile; fileRef = 0489FCE32AAADE5E00257372 /* SceneDelegate.swift */; };
		0489FCE62AAADE5E00257372 /* ViewController.swift in Sources */ = {isa = PBXBuildFile; fileRef = 0489FCE52AAADE5E00257372 /* ViewController.swift */; };
		0489FCE92AAADE5E00257372 /* Main.storyboard in Resources */ = {isa = PBXBuildFile; fileRef = 0489FCE72AAADE5E00257372 /* Main.storyboard */; };
		0489FCEB2AAADE6000257372 /* Assets.xcassets in Resources */ = {isa = PBXBuildFile; fileRef = 0489FCEA2AAADE6000257372 /* Assets.xcassets */; };
		0489FCEE2AAADE6000257372 /* LaunchScreen.storyboard in Resources */ = {isa = PBXBuildFile; fileRef = 0489FCEC2AAADE6000257372 /* LaunchScreen.storyboard */; };
		0489FCFB2AAAF08100257372 /* ViewControllerCombine.swift in Sources */ = {isa = PBXBuildFile; fileRef = 0489FCFA2AAAF08100257372 /* ViewControllerCombine.swift */; };
		04B050472ABAA32C001B3C85 /* MainModel.swift in Sources */ = {isa = PBXBuildFile; fileRef = 04B050462ABAA32C001B3C85 /* MainModel.swift */; };
		04B050492ABB2B84001B3C85 /* ChallengeConstent02.swift in Sources */ = {isa = PBXBuildFile; fileRef = 04B050482ABB2B84001B3C85 /* ChallengeConstent02.swift */; };
		04BE76CD2ABD2FE0003753CE /* ViewControllerOperator.swift in Sources */ = {isa = PBXBuildFile; fileRef = 04BE76CC2ABD2FE0003753CE /* ViewControllerOperator.swift */; };
/* End PBXBuildFile section */

/* Begin PBXFileReference section */
		040CD8582ADF649200C6CE39 /* ViewControllerFilter.swift */ = {isa = PBXFileReference; lastKnownFileType = sourcecode.swift; path = ViewControllerFilter.swift; sourceTree = "<group>"; };
		040CD85A2AE0BFB800C6CE39 /* ViewControllerCombineOperator.swift */ = {isa = PBXFileReference; lastKnownFileType = sourcecode.swift; path = ViewControllerCombineOperator.swift; sourceTree = "<group>"; };
		041AD63C2AF38D5C00D62F6F /* VCSequenceOperators.swift */ = {isa = PBXFileReference; lastKnownFileType = sourcecode.swift; path = VCSequenceOperators.swift; sourceTree = "<group>"; };
		0427F0AA2ADEAE88002916FD /* Common.swift */ = {isa = PBXFileReference; lastKnownFileType = sourcecode.swift; path = Common.swift; sourceTree = "<group>"; };
		046AC4BF2AF91DA000F9C6AD /* VCNetworking.swift */ = {isa = PBXFileReference; lastKnownFileType = sourcecode.swift; path = VCNetworking.swift; sourceTree = "<group>"; };
		0489FCDE2AAADE5E00257372 /* SwiftCombine.app */ = {isa = PBXFileReference; explicitFileType = wrapper.application; includeInIndex = 0; path = SwiftCombine.app; sourceTree = BUILT_PRODUCTS_DIR; };
		0489FCE12AAADE5E00257372 /* AppDelegate.swift */ = {isa = PBXFileReference; lastKnownFileType = sourcecode.swift; path = AppDelegate.swift; sourceTree = "<group>"; };
		0489FCE32AAADE5E00257372 /* SceneDelegate.swift */ = {isa = PBXFileReference; lastKnownFileType = sourcecode.swift; path = SceneDelegate.swift; sourceTree = "<group>"; };
		0489FCE52AAADE5E00257372 /* ViewController.swift */ = {isa = PBXFileReference; lastKnownFileType = sourcecode.swift; path = ViewController.swift; sourceTree = "<group>"; };
		0489FCE82AAADE5E00257372 /* Base */ = {isa = PBXFileReference; lastKnownFileType = file.storyboard; name = Base; path = Base.lproj/Main.storyboard; sourceTree = "<group>"; };
		0489FCEA2AAADE6000257372 /* Assets.xcassets */ = {isa = PBXFileReference; lastKnownFileType = folder.assetcatalog; path = Assets.xcassets; sourceTree = "<group>"; };
		0489FCED2AAADE6000257372 /* Base */ = {isa = PBXFileReference; lastKnownFileType = file.storyboard; name = Base; path = Base.lproj/LaunchScreen.storyboard; sourceTree = "<group>"; };
		0489FCEF2AAADE6000257372 /* Info.plist */ = {isa = PBXFileReference; lastKnownFileType = text.plist.xml; path = Info.plist; sourceTree = "<group>"; };
		0489FCFA2AAAF08100257372 /* ViewControllerCombine.swift */ = {isa = PBXFileReference; lastKnownFileType = sourcecode.swift; path = ViewControllerCombine.swift; sourceTree = "<group>"; };
		04B050462ABAA32C001B3C85 /* MainModel.swift */ = {isa = PBXFileReference; lastKnownFileType = sourcecode.swift; path = MainModel.swift; sourceTree = "<group>"; };
		04B050482ABB2B84001B3C85 /* ChallengeConstent02.swift */ = {isa = PBXFileReference; lastKnownFileType = sourcecode.swift; path = ChallengeConstent02.swift; sourceTree = "<group>"; };
		04BE76CC2ABD2FE0003753CE /* ViewControllerOperator.swift */ = {isa = PBXFileReference; lastKnownFileType = sourcecode.swift; path = ViewControllerOperator.swift; sourceTree = "<group>"; };
/* End PBXFileReference section */

/* Begin PBXFrameworksBuildPhase section */
		0489FCDB2AAADE5E00257372 /* Frameworks */ = {
			isa = PBXFrameworksBuildPhase;
			buildActionMask = 2147483647;
			files = (
			);
			runOnlyForDeploymentPostprocessing = 0;
		};
/* End PBXFrameworksBuildPhase section */

/* Begin PBXGroup section */
		0489FCD52AAADE5E00257372 = {
			isa = PBXGroup;
			children = (
				0489FCE02AAADE5E00257372 /* SwiftCombine */,
				0489FCDF2AAADE5E00257372 /* Products */,
			);
			sourceTree = "<group>";
		};
		0489FCDF2AAADE5E00257372 /* Products */ = {
			isa = PBXGroup;
			children = (
				0489FCDE2AAADE5E00257372 /* SwiftCombine.app */,
			);
			name = Products;
			sourceTree = "<group>";
		};
		0489FCE02AAADE5E00257372 /* SwiftCombine */ = {
			isa = PBXGroup;
			children = (
				0489FCF82AAADEA000257372 /* Controller */,
				0489FCF72AAADE8200257372 /* ViewModel */,
				0489FCF62AAADE7A00257372 /* View */,
				0489FCF52AAADE7200257372 /* Model */,
				0489FCE12AAADE5E00257372 /* AppDelegate.swift */,
				0489FCE32AAADE5E00257372 /* SceneDelegate.swift */,
				0489FCE72AAADE5E00257372 /* Main.storyboard */,
				0489FCEA2AAADE6000257372 /* Assets.xcassets */,
				0489FCEC2AAADE6000257372 /* LaunchScreen.storyboard */,
				0489FCEF2AAADE6000257372 /* Info.plist */,
			);
			path = SwiftCombine;
			sourceTree = "<group>";
		};
		0489FCF52AAADE7200257372 /* Model */ = {
			isa = PBXGroup;
			children = (
				0427F0AA2ADEAE88002916FD /* Common.swift */,
				04B050462ABAA32C001B3C85 /* MainModel.swift */,
				04B050482ABB2B84001B3C85 /* ChallengeConstent02.swift */,
			);
			path = Model;
			sourceTree = "<group>";
		};
		0489FCF62AAADE7A00257372 /* View */ = {
			isa = PBXGroup;
			children = (
			);
			path = View;
			sourceTree = "<group>";
		};
		0489FCF72AAADE8200257372 /* ViewModel */ = {
			isa = PBXGroup;
			children = (
			);
			path = ViewModel;
			sourceTree = "<group>";
		};
		0489FCF82AAADEA000257372 /* Controller */ = {
			isa = PBXGroup;
			children = (
				0489FCE52AAADE5E00257372 /* ViewController.swift */,
				0489FCFA2AAAF08100257372 /* ViewControllerCombine.swift */,
				04BE76CC2ABD2FE0003753CE /* ViewControllerOperator.swift */,
				040CD8582ADF649200C6CE39 /* ViewControllerFilter.swift */,
				040CD85A2AE0BFB800C6CE39 /* ViewControllerCombineOperator.swift */,
				041AD63C2AF38D5C00D62F6F /* VCSequenceOperators.swift */,
				046AC4BF2AF91DA000F9C6AD /* VCNetworking.swift */,
			);
			path = Controller;
			sourceTree = "<group>";
		};
/* End PBXGroup section */

/* Begin PBXNativeTarget section */
		0489FCDD2AAADE5E00257372 /* SwiftCombine */ = {
			isa = PBXNativeTarget;
			buildConfigurationList = 0489FCF22AAADE6000257372 /* Build configuration list for PBXNativeTarget "SwiftCombine" */;
			buildPhases = (
				0489FCDA2AAADE5E00257372 /* Sources */,
				0489FCDB2AAADE5E00257372 /* Frameworks */,
				0489FCDC2AAADE5E00257372 /* Resources */,
			);
			buildRules = (
			);
			dependencies = (
			);
			name = SwiftCombine;
			productName = SwiftCombine;
			productReference = 0489FCDE2AAADE5E00257372 /* SwiftCombine.app */;
			productType = "com.apple.product-type.application";
		};
/* End PBXNativeTarget section */

/* Begin PBXProject section */
		0489FCD62AAADE5E00257372 /* Project object */ = {
			isa = PBXProject;
			attributes = {
				BuildIndependentTargetsInParallel = 1;
				LastSwiftUpdateCheck = 1430;
				LastUpgradeCheck = 1430;
				TargetAttributes = {
					0489FCDD2AAADE5E00257372 = {
						CreatedOnToolsVersion = 14.3.1;
					};
				};
			};
			buildConfigurationList = 0489FCD92AAADE5E00257372 /* Build configuration list for PBXProject "SwiftCombine" */;
			compatibilityVersion = "Xcode 14.0";
			developmentRegion = en;
			hasScannedForEncodings = 0;
			knownRegions = (
				en,
				Base,
			);
			mainGroup = 0489FCD52AAADE5E00257372;
			productRefGroup = 0489FCDF2AAADE5E00257372 /* Products */;
			projectDirPath = "";
			projectRoot = "";
			targets = (
				0489FCDD2AAADE5E00257372 /* SwiftCombine */,
			);
		};
/* End PBXProject section */

/* Begin PBXResourcesBuildPhase section */
		0489FCDC2AAADE5E00257372 /* Resources */ = {
			isa = PBXResourcesBuildPhase;
			buildActionMask = 2147483647;
			files = (
				0489FCEE2AAADE6000257372 /* LaunchScreen.storyboard in Resources */,
				0489FCEB2AAADE6000257372 /* Assets.xcassets in Resources */,
				0489FCE92AAADE5E00257372 /* Main.storyboard in Resources */,
			);
			runOnlyForDeploymentPostprocessing = 0;
		};
/* End PBXResourcesBuildPhase section */

/* Begin PBXSourcesBuildPhase section */
		0489FCDA2AAADE5E00257372 /* Sources */ = {
			isa = PBXSourcesBuildPhase;
			buildActionMask = 2147483647;
			files = (
				0427F0AB2ADEAE88002916FD /* Common.swift in Sources */,
				041AD63D2AF38D5C00D62F6F /* VCSequenceOperators.swift in Sources */,
				0489FCE62AAADE5E00257372 /* ViewController.swift in Sources */,
				04B050492ABB2B84001B3C85 /* ChallengeConstent02.swift in Sources */,
				04BE76CD2ABD2FE0003753CE /* ViewControllerOperator.swift in Sources */,
				040CD8592ADF649200C6CE39 /* ViewControllerFilter.swift in Sources */,
				046AC4C02AF91DA000F9C6AD /* VCNetworking.swift in Sources */,
				0489FCE22AAADE5E00257372 /* AppDelegate.swift in Sources */,
				0489FCFB2AAAF08100257372 /* ViewControllerCombine.swift in Sources */,
				04B050472ABAA32C001B3C85 /* MainModel.swift in Sources */,
				040CD85B2AE0BFB800C6CE39 /* ViewControllerCombineOperator.swift in Sources */,
				0489FCE42AAADE5E00257372 /* SceneDelegate.swift in Sources */,
			);
			runOnlyForDeploymentPostprocessing = 0;
		};
/* End PBXSourcesBuildPhase section */

/* Begin PBXVariantGroup section */
		0489FCE72AAADE5E00257372 /* Main.storyboard */ = {
			isa = PBXVariantGroup;
			children = (
				0489FCE82AAADE5E00257372 /* Base */,
			);
			name = Main.storyboard;
			sourceTree = "<group>";
		};
		0489FCEC2AAADE6000257372 /* LaunchScreen.storyboard */ = {
			isa = PBXVariantGroup;
			children = (
				0489FCED2AAADE6000257372 /* Base */,
			);
			name = LaunchScreen.storyboard;
			sourceTree = "<group>";
		};
/* End PBXVariantGroup section */

/* Begin XCBuildConfiguration section */
		0489FCF02AAADE6000257372 /* Debug */ = {
			isa = XCBuildConfiguration;
			buildSettings = {
				ALWAYS_SEARCH_USER_PATHS = NO;
				CLANG_ANALYZER_NONNULL = YES;
				CLANG_ANALYZER_NUMBER_OBJECT_CONVERSION = YES_AGGRESSIVE;
				CLANG_CXX_LANGUAGE_STANDARD = "gnu++20";
				CLANG_ENABLE_MODULES = YES;
				CLANG_ENABLE_OBJC_ARC = YES;
				CLANG_ENABLE_OBJC_WEAK = YES;
				CLANG_WARN_BLOCK_CAPTURE_AUTORELEASING = YES;
				CLANG_WARN_BOOL_CONVERSION = YES;
				CLANG_WARN_COMMA = YES;
				CLANG_WARN_CONSTANT_CONVERSION = YES;
				CLANG_WARN_DEPRECATED_OBJC_IMPLEMENTATIONS = YES;
				CLANG_WARN_DIRECT_OBJC_ISA_USAGE = YES_ERROR;
				CLANG_WARN_DOCUMENTATION_COMMENTS = YES;
				CLANG_WARN_EMPTY_BODY = YES;
				CLANG_WARN_ENUM_CONVERSION = YES;
				CLANG_WARN_INFINITE_RECURSION = YES;
				CLANG_WARN_INT_CONVERSION = YES;
				CLANG_WARN_NON_LITERAL_NULL_CONVERSION = YES;
				CLANG_WARN_OBJC_IMPLICIT_RETAIN_SELF = YES;
				CLANG_WARN_OBJC_LITERAL_CONVERSION = YES;
				CLANG_WARN_OBJC_ROOT_CLASS = YES_ERROR;
				CLANG_WARN_QUOTED_INCLUDE_IN_FRAMEWORK_HEADER = YES;
				CLANG_WARN_RANGE_LOOP_ANALYSIS = YES;
				CLANG_WARN_STRICT_PROTOTYPES = YES;
				CLANG_WARN_SUSPICIOUS_MOVE = YES;
				CLANG_WARN_UNGUARDED_AVAILABILITY = YES_AGGRESSIVE;
				CLANG_WARN_UNREACHABLE_CODE = YES;
				CLANG_WARN__DUPLICATE_METHOD_MATCH = YES;
				COPY_PHASE_STRIP = NO;
				DEBUG_INFORMATION_FORMAT = dwarf;
				ENABLE_STRICT_OBJC_MSGSEND = YES;
				ENABLE_TESTABILITY = YES;
				GCC_C_LANGUAGE_STANDARD = gnu11;
				GCC_DYNAMIC_NO_PIC = NO;
				GCC_NO_COMMON_BLOCKS = YES;
				GCC_OPTIMIZATION_LEVEL = 0;
				GCC_PREPROCESSOR_DEFINITIONS = (
					"DEBUG=1",
					"$(inherited)",
				);
				GCC_WARN_64_TO_32_BIT_CONVERSION = YES;
				GCC_WARN_ABOUT_RETURN_TYPE = YES_ERROR;
				GCC_WARN_UNDECLARED_SELECTOR = YES;
				GCC_WARN_UNINITIALIZED_AUTOS = YES_AGGRESSIVE;
				GCC_WARN_UNUSED_FUNCTION = YES;
				GCC_WARN_UNUSED_VARIABLE = YES;
				IPHONEOS_DEPLOYMENT_TARGET = 16.4;
				MTL_ENABLE_DEBUG_INFO = INCLUDE_SOURCE;
				MTL_FAST_MATH = YES;
				ONLY_ACTIVE_ARCH = YES;
				SDKROOT = iphoneos;
				SWIFT_ACTIVE_COMPILATION_CONDITIONS = DEBUG;
				SWIFT_OPTIMIZATION_LEVEL = "-Onone";
			};
			name = Debug;
		};
		0489FCF12AAADE6000257372 /* Release */ = {
			isa = XCBuildConfiguration;
			buildSettings = {
				ALWAYS_SEARCH_USER_PATHS = NO;
				CLANG_ANALYZER_NONNULL = YES;
				CLANG_ANALYZER_NUMBER_OBJECT_CONVERSION = YES_AGGRESSIVE;
				CLANG_CXX_LANGUAGE_STANDARD = "gnu++20";
				CLANG_ENABLE_MODULES = YES;
				CLANG_ENABLE_OBJC_ARC = YES;
				CLANG_ENABLE_OBJC_WEAK = YES;
				CLANG_WARN_BLOCK_CAPTURE_AUTORELEASING = YES;
				CLANG_WARN_BOOL_CONVERSION = YES;
				CLANG_WARN_COMMA = YES;
				CLANG_WARN_CONSTANT_CONVERSION = YES;
				CLANG_WARN_DEPRECATED_OBJC_IMPLEMENTATIONS = YES;
				CLANG_WARN_DIRECT_OBJC_ISA_USAGE = YES_ERROR;
				CLANG_WARN_DOCUMENTATION_COMMENTS = YES;
				CLANG_WARN_EMPTY_BODY = YES;
				CLANG_WARN_ENUM_CONVERSION = YES;
				CLANG_WARN_INFINITE_RECURSION = YES;
				CLANG_WARN_INT_CONVERSION = YES;
				CLANG_WARN_NON_LITERAL_NULL_CONVERSION = YES;
				CLANG_WARN_OBJC_IMPLICIT_RETAIN_SELF = YES;
				CLANG_WARN_OBJC_LITERAL_CONVERSION = YES;
				CLANG_WARN_OBJC_ROOT_CLASS = YES_ERROR;
				CLANG_WARN_QUOTED_INCLUDE_IN_FRAMEWORK_HEADER = YES;
				CLANG_WARN_RANGE_LOOP_ANALYSIS = YES;
				CLANG_WARN_STRICT_PROTOTYPES = YES;
				CLANG_WARN_SUSPICIOUS_MOVE = YES;
				CLANG_WARN_UNGUARDED_AVAILABILITY = YES_AGGRESSIVE;
				CLANG_WARN_UNREACHABLE_CODE = YES;
				CLANG_WARN__DUPLICATE_METHOD_MATCH = YES;
				COPY_PHASE_STRIP = NO;
				DEBUG_INFORMATION_FORMAT = "dwarf-with-dsym";
				ENABLE_NS_ASSERTIONS = NO;
				ENABLE_STRICT_OBJC_MSGSEND = YES;
				GCC_C_LANGUAGE_STANDARD = gnu11;
				GCC_NO_COMMON_BLOCKS = YES;
				GCC_WARN_64_TO_32_BIT_CONVERSION = YES;
				GCC_WARN_ABOUT_RETURN_TYPE = YES_ERROR;
				GCC_WARN_UNDECLARED_SELECTOR = YES;
				GCC_WARN_UNINITIALIZED_AUTOS = YES_AGGRESSIVE;
				GCC_WARN_UNUSED_FUNCTION = YES;
				GCC_WARN_UNUSED_VARIABLE = YES;
				IPHONEOS_DEPLOYMENT_TARGET = 16.4;
				MTL_ENABLE_DEBUG_INFO = NO;
				MTL_FAST_MATH = YES;
				SDKROOT = iphoneos;
				SWIFT_COMPILATION_MODE = wholemodule;
				SWIFT_OPTIMIZATION_LEVEL = "-O";
				VALIDATE_PRODUCT = YES;
			};
			name = Release;
		};
		0489FCF32AAADE6000257372 /* Debug */ = {
			isa = XCBuildConfiguration;
			buildSettings = {
				ASSETCATALOG_COMPILER_APPICON_NAME = AppIcon;
				ASSETCATALOG_COMPILER_GLOBAL_ACCENT_COLOR_NAME = AccentColor;
				CODE_SIGN_STYLE = Automatic;
				CURRENT_PROJECT_VERSION = 1;
				DEVELOPMENT_TEAM = 7DR2VQYR3G;
				GENERATE_INFOPLIST_FILE = YES;
				INFOPLIST_FILE = SwiftCombine/Info.plist;
				INFOPLIST_KEY_UIApplicationSupportsIndirectInputEvents = YES;
				INFOPLIST_KEY_UILaunchStoryboardName = LaunchScreen;
				INFOPLIST_KEY_UIMainStoryboardFile = Main;
				INFOPLIST_KEY_UISupportedInterfaceOrientations_iPad = "UIInterfaceOrientationPortrait UIInterfaceOrientationPortraitUpsideDown UIInterfaceOrientationLandscapeLeft UIInterfaceOrientationLandscapeRight";
				INFOPLIST_KEY_UISupportedInterfaceOrientations_iPhone = "UIInterfaceOrientationPortrait UIInterfaceOrientationLandscapeLeft UIInterfaceOrientationLandscapeRight";
				LD_RUNPATH_SEARCH_PATHS = (
					"$(inherited)",
					"@executable_path/Frameworks",
				);
				MARKETING_VERSION = 1.0;
				PRODUCT_BUNDLE_IDENTIFIER = com.beidixiaoxiong.SwiftCombine;
				PRODUCT_NAME = "$(TARGET_NAME)";
				SWIFT_EMIT_LOC_STRINGS = YES;
				SWIFT_VERSION = 5.0;
				TARGETED_DEVICE_FAMILY = "1,2";
			};
			name = Debug;
		};
		0489FCF42AAADE6000257372 /* Release */ = {
			isa = XCBuildConfiguration;
			buildSettings = {
				ASSETCATALOG_COMPILER_APPICON_NAME = AppIcon;
				ASSETCATALOG_COMPILER_GLOBAL_ACCENT_COLOR_NAME = AccentColor;
				CODE_SIGN_STYLE = Automatic;
				CURRENT_PROJECT_VERSION = 1;
				DEVELOPMENT_TEAM = 7DR2VQYR3G;
				GENERATE_INFOPLIST_FILE = YES;
				INFOPLIST_FILE = SwiftCombine/Info.plist;
				INFOPLIST_KEY_UIApplicationSupportsIndirectInputEvents = YES;
				INFOPLIST_KEY_UILaunchStoryboardName = LaunchScreen;
				INFOPLIST_KEY_UIMainStoryboardFile = Main;
				INFOPLIST_KEY_UISupportedInterfaceOrientations_iPad = "UIInterfaceOrientationPortrait UIInterfaceOrientationPortraitUpsideDown UIInterfaceOrientationLandscapeLeft UIInterfaceOrientationLandscapeRight";
				INFOPLIST_KEY_UISupportedInterfaceOrientations_iPhone = "UIInterfaceOrientationPortrait UIInterfaceOrientationLandscapeLeft UIInterfaceOrientationLandscapeRight";
				LD_RUNPATH_SEARCH_PATHS = (
					"$(inherited)",
					"@executable_path/Frameworks",
				);
				MARKETING_VERSION = 1.0;
				PRODUCT_BUNDLE_IDENTIFIER = com.beidixiaoxiong.SwiftCombine;
				PRODUCT_NAME = "$(TARGET_NAME)";
				SWIFT_EMIT_LOC_STRINGS = YES;
				SWIFT_VERSION = 5.0;
				TARGETED_DEVICE_FAMILY = "1,2";
			};
			name = Release;
		};
/* End XCBuildConfiguration section */

/* Begin XCConfigurationList section */
		0489FCD92AAADE5E00257372 /* Build configuration list for PBXProject "SwiftCombine" */ = {
			isa = XCConfigurationList;
			buildConfigurations = (
				0489FCF02AAADE6000257372 /* Debug */,
				0489FCF12AAADE6000257372 /* Release */,
			);
			defaultConfigurationIsVisible = 0;
			defaultConfigurationName = Release;
		};
		0489FCF22AAADE6000257372 /* Build configuration list for PBXNativeTarget "SwiftCombine" */ = {
			isa = XCConfigurationList;
			buildConfigurations = (
				0489FCF32AAADE6000257372 /* Debug */,
				0489FCF42AAADE6000257372 /* Release */,
			);
			defaultConfigurationIsVisible = 0;
			defaultConfigurationName = Release;
		};
/* End XCConfigurationList section */
	};
	rootObject = 0489FCD62AAADE5E00257372 /* Project object */;
}
